
Microsoft Visual Studio Solution File, Format Version 12.00
# Visual Studio Version 16
VisualStudioVersion = 16.0.30011.22
MinimumVisualStudioVersion = 10.0.40219.1
Project("{FAE04EC0-301F-11D3-BF4B-00C04F79EFBC}") = "PAC-MAN", "PAC-MAN.csproj", "{2512F9E1-364D-4E38-9881-8603371056C7}"
EndProject
Global
	GlobalSection(SolutionConfigurationPlatforms) = preSolution
		Debug|Any CPU = Debug|Any CPU
		Release|Any CPU = Release|Any CPU
	EndGlobalSection
	GlobalSection(ProjectConfigurationPlatforms) = postSolution
		{2512F9E1-364D-4E38-9881-8603371056C7}.Debug|Any CPU.ActiveCfg = Debug|Any CPU
		{2512F9E1-364D-4E38-9881-8603371056C7}.Debug|Any CPU.Build.0 = Debug|Any CPU
		{2512F9E1-364D-4E38-9881-8603371056C7}.Release|Any CPU.ActiveCfg = Release|Any CPU
		{2512F9E1-364D-4E38-9881-8603371056C7}.Release|Any CPU.Build.0 = Release|Any CPU
	EndGlobalSection
	GlobalSection(SolutionProperties) = preSolution
		HideSolutionNode = FALSE
	EndGlobalSection
	GlobalSection(ExtensibilityGlobals) = postSolution
		SolutionGuid = {8811F542-C2DC-4630-ACE1-8AB86476ADCF}
	EndGlobalSection
EndGlobal
